
Microsoft Visual Studio Solution File, Format Version 12.00
# Visual Studio Version 17
VisualStudioVersion = 17.2.32526.322
MinimumVisualStudioVersion = 10.0.40219.1
Project("{9A19103F-16F7-4668-BE54-9A1E7A4F7556}") = "RoleBase", "RoleBase\RoleBase.csproj", "{7219C935-9AD3-4225-B8B6-9DD7056246C0}"
EndProject
Project("{9A19103F-16F7-4668-BE54-9A1E7A4F7556}") = "Model", "Model\Model.csproj", "{E3F05E81-CEFC-46FE-BB31-B90282D20795}"
EndProject
Project("{9A19103F-16F7-4668-BE54-9A1E7A4F7556}") = "Repository", "Repository\Repository.csproj", "{A05C2D5F-E6DC-4688-8404-A1B828145B26}"
EndProject
Project("{9A19103F-16F7-4668-BE54-9A1E7A4F7556}") = "Repo.Service", "Repo.Service\Repo.Service.csproj", "{F1E22620-C971-4CAA-B297-F1962D87D321}"
EndProject
Project("{FAE04EC0-301F-11D3-BF4B-00C04F79EFBC}") = "DTOModel", "DTOModel\DTOModel.csproj", "{0DA04EF0-4A3C-4502-B7FE-117C35BCA699}"
EndProject
Global
	GlobalSection(SolutionConfigurationPlatforms) = preSolution
		Debug|Any CPU = Debug|Any CPU
		Release|Any CPU = Release|Any CPU
	EndGlobalSection
	GlobalSection(ProjectConfigurationPlatforms) = postSolution
		{7219C935-9AD3-4225-B8B6-9DD7056246C0}.Debug|Any CPU.ActiveCfg = Debug|Any CPU
		{7219C935-9AD3-4225-B8B6-9DD7056246C0}.Debug|Any CPU.Build.0 = Debug|Any CPU
		{7219C935-9AD3-4225-B8B6-9DD7056246C0}.Release|Any CPU.ActiveCfg = Release|Any CPU
		{7219C935-9AD3-4225-B8B6-9DD7056246C0}.Release|Any CPU.Build.0 = Release|Any CPU
		{E3F05E81-CEFC-46FE-BB31-B90282D20795}.Debug|Any CPU.ActiveCfg = Debug|Any CPU
		{E3F05E81-CEFC-46FE-BB31-B90282D20795}.Debug|Any CPU.Build.0 = Debug|Any CPU
		{E3F05E81-CEFC-46FE-BB31-B90282D20795}.Release|Any CPU.ActiveCfg = Release|Any CPU
		{E3F05E81-CEFC-46FE-BB31-B90282D20795}.Release|Any CPU.Build.0 = Release|Any CPU
		{A05C2D5F-E6DC-4688-8404-A1B828145B26}.Debug|Any CPU.ActiveCfg = Debug|Any CPU
		{A05C2D5F-E6DC-4688-8404-A1B828145B26}.Debug|Any CPU.Build.0 = Debug|Any CPU
		{A05C2D5F-E6DC-4688-8404-A1B828145B26}.Release|Any CPU.ActiveCfg = Release|Any CPU
		{A05C2D5F-E6DC-4688-8404-A1B828145B26}.Release|Any CPU.Build.0 = Release|Any CPU
		{F1E22620-C971-4CAA-B297-F1962D87D321}.Debug|Any CPU.ActiveCfg = Debug|Any CPU
		{F1E22620-C971-4CAA-B297-F1962D87D321}.Debug|Any CPU.Build.0 = Debug|Any CPU
		{F1E22620-C971-4CAA-B297-F1962D87D321}.Release|Any CPU.ActiveCfg = Release|Any CPU
		{F1E22620-C971-4CAA-B297-F1962D87D321}.Release|Any CPU.Build.0 = Release|Any CPU
		{0DA04EF0-4A3C-4502-B7FE-117C35BCA699}.Debug|Any CPU.ActiveCfg = Debug|Any CPU
		{0DA04EF0-4A3C-4502-B7FE-117C35BCA699}.Debug|Any CPU.Build.0 = Debug|Any CPU
		{0DA04EF0-4A3C-4502-B7FE-117C35BCA699}.Release|Any CPU.ActiveCfg = Release|Any CPU
		{0DA04EF0-4A3C-4502-B7FE-117C35BCA699}.Release|Any CPU.Build.0 = Release|Any CPU
	EndGlobalSection
	GlobalSection(SolutionProperties) = preSolution
		HideSolutionNode = FALSE
	EndGlobalSection
	GlobalSection(ExtensibilityGlobals) = postSolution
		SolutionGuid = {60160E4C-64EB-4DB0-9276-49FA671490B1}
	EndGlobalSection
EndGlobal
